// !$*UTF8*$!
{
	archiveVersion = 1;
	classes = {
	};
	objectVersion = 55;
	objects = {

/* Begin PBXBuildFile section */
		181DB4A728C67D2C00327A3A /* GenreListViewModel.swift in Sources */ = {isa = PBXBuildFile; fileRef = 181DB4A628C67D2C00327A3A /* GenreListViewModel.swift */; };
		181DB4A928C68AEF00327A3A /* VideoPlayer.storyboard in Resources */ = {isa = PBXBuildFile; fileRef = 181DB4A828C68AEF00327A3A /* VideoPlayer.storyboard */; };
		181DB4AB28C68B1200327A3A /* PlayerViewController.swift in Sources */ = {isa = PBXBuildFile; fileRef = 181DB4AA28C68B1200327A3A /* PlayerViewController.swift */; };
		1826422028C4E65300942A11 /* MovieDetailViewController.swift in Sources */ = {isa = PBXBuildFile; fileRef = 1826421F28C4E65300942A11 /* MovieDetailViewController.swift */; };
		1826422228C6084400942A11 /* GenreCell.swift in Sources */ = {isa = PBXBuildFile; fileRef = 1826422128C6084300942A11 /* GenreCell.swift */; };
		1826422428C6193400942A11 /* GennreDataSource.swift in Sources */ = {isa = PBXBuildFile; fileRef = 1826422328C6193400942A11 /* GennreDataSource.swift */; };
		182B798F28C8C14E0077F6E2 /* SimilarMovieCell.swift in Sources */ = {isa = PBXBuildFile; fileRef = 182B798E28C8C14E0077F6E2 /* SimilarMovieCell.swift */; };
		182B799128C8C2850077F6E2 /* SimilarMovieDataSource.swift in Sources */ = {isa = PBXBuildFile; fileRef = 182B799028C8C2850077F6E2 /* SimilarMovieDataSource.swift */; };
		18DAFD4228CDECFE00813E2C /* TaskManager.swift in Sources */ = {isa = PBXBuildFile; fileRef = 18DAFD4128CDECFE00813E2C /* TaskManager.swift */; };
		18E55F9B28C76F9600442FB6 /* VideoListViewModel.swift in Sources */ = {isa = PBXBuildFile; fileRef = 18E55F9A28C76F9600442FB6 /* VideoListViewModel.swift */; };
		18E55F9D28C78A2000442FB6 /* GenreViewModel.swift in Sources */ = {isa = PBXBuildFile; fileRef = 18E55F9C28C78A2000442FB6 /* GenreViewModel.swift */; };
		18E55F9F28C78A3A00442FB6 /* VideoViewModel.swift in Sources */ = {isa = PBXBuildFile; fileRef = 18E55F9E28C78A3A00442FB6 /* VideoViewModel.swift */; };
		18E55FA828C78BC400442FB6 /* GenreModel.swift in Sources */ = {isa = PBXBuildFile; fileRef = 18E55FA728C78BC400442FB6 /* GenreModel.swift */; };
		18E55FAA28C78BEC00442FB6 /* VideoModel.swift in Sources */ = {isa = PBXBuildFile; fileRef = 18E55FA928C78BEC00442FB6 /* VideoModel.swift */; };
		18FC73F328BF9A4D00C33143 /* AppDelegate.swift in Sources */ = {isa = PBXBuildFile; fileRef = 18FC73F228BF9A4D00C33143 /* AppDelegate.swift */; };
		18FC73F528BF9A4D00C33143 /* SceneDelegate.swift in Sources */ = {isa = PBXBuildFile; fileRef = 18FC73F428BF9A4D00C33143 /* SceneDelegate.swift */; };
		18FC73FA28BF9A4D00C33143 /* Main.storyboard in Resources */ = {isa = PBXBuildFile; fileRef = 18FC73F828BF9A4D00C33143 /* Main.storyboard */; };
		18FC73FC28BF9A5100C33143 /* Assets.xcassets in Resources */ = {isa = PBXBuildFile; fileRef = 18FC73FB28BF9A5100C33143 /* Assets.xcassets */; };
		18FC73FF28BF9A5100C33143 /* LaunchScreen.storyboard in Resources */ = {isa = PBXBuildFile; fileRef = 18FC73FD28BF9A5100C33143 /* LaunchScreen.storyboard */; };
		18FC740A28BF9AB100C33143 /* NetworkManager.swift in Sources */ = {isa = PBXBuildFile; fileRef = 18FC740928BF9AB100C33143 /* NetworkManager.swift */; };
		18FC740F28BF9BE500C33143 /* MovieModel.swift in Sources */ = {isa = PBXBuildFile; fileRef = 18FC740E28BF9BE500C33143 /* MovieModel.swift */; };
		18FC741128C07BAB00C33143 /* MovieViewModel.swift in Sources */ = {isa = PBXBuildFile; fileRef = 18FC741028C07BAB00C33143 /* MovieViewModel.swift */; };
		18FC741328C07C2300C33143 /* MoviesViewController.swift in Sources */ = {isa = PBXBuildFile; fileRef = 18FC741228C07C2300C33143 /* MoviesViewController.swift */; };
		18FC741528C07C3800C33143 /* MoviesTableViewCell.swift in Sources */ = {isa = PBXBuildFile; fileRef = 18FC741428C07C3800C33143 /* MoviesTableViewCell.swift */; };
		18FC741728C07DB800C33143 /* MovieListViewModel.swift in Sources */ = {isa = PBXBuildFile; fileRef = 18FC741628C07DB800C33143 /* MovieListViewModel.swift */; };
		18FC741928C0830A00C33143 /* MoviesDataSource.swift in Sources */ = {isa = PBXBuildFile; fileRef = 18FC741828C0830A00C33143 /* MoviesDataSource.swift */; };
		18FC742028C0B4C700C33143 /* 1HOYvwGFioUFL58UVvDRG6beEDm.jpeg in Resources */ = {isa = PBXBuildFile; fileRef = 18FC741F28C0B4C700C33143 /* 1HOYvwGFioUFL58UVvDRG6beEDm.jpeg */; };
		18FC742228C0D4EE00C33143 /* URLItems.swift in Sources */ = {isa = PBXBuildFile; fileRef = 18FC742128C0D4EE00C33143 /* URLItems.swift */; };
		18FC742528C0D51200C33143 /* ImageViewExtension.swift in Sources */ = {isa = PBXBuildFile; fileRef = 18FC742428C0D51200C33143 /* ImageViewExtension.swift */; };
		94F3BF7922551E31E76F711F /* Pods_PersonalMovieApp.framework in Frameworks */ = {isa = PBXBuildFile; fileRef = FBFE0AA8BD77172FA657EF0F /* Pods_PersonalMovieApp.framework */; };
/* End PBXBuildFile section */

/* Begin PBXFileReference section */
		181DB4A628C67D2C00327A3A /* GenreListViewModel.swift */ = {isa = PBXFileReference; lastKnownFileType = sourcecode.swift; path = GenreListViewModel.swift; sourceTree = "<group>"; };
		181DB4A828C68AEF00327A3A /* VideoPlayer.storyboard */ = {isa = PBXFileReference; lastKnownFileType = file.storyboard; path = VideoPlayer.storyboard; sourceTree = "<group>"; };
		181DB4AA28C68B1200327A3A /* PlayerViewController.swift */ = {isa = PBXFileReference; lastKnownFileType = sourcecode.swift; path = PlayerViewController.swift; sourceTree = "<group>"; };
		1826421F28C4E65300942A11 /* MovieDetailViewController.swift */ = {isa = PBXFileReference; lastKnownFileType = sourcecode.swift; path = MovieDetailViewController.swift; sourceTree = "<group>"; };
		1826422128C6084300942A11 /* GenreCell.swift */ = {isa = PBXFileReference; lastKnownFileType = sourcecode.swift; path = GenreCell.swift; sourceTree = "<group>"; };
		1826422328C6193400942A11 /* GennreDataSource.swift */ = {isa = PBXFileReference; lastKnownFileType = sourcecode.swift; path = GennreDataSource.swift; sourceTree = "<group>"; };
		182B798E28C8C14E0077F6E2 /* SimilarMovieCell.swift */ = {isa = PBXFileReference; lastKnownFileType = sourcecode.swift; path = SimilarMovieCell.swift; sourceTree = "<group>"; };
		182B799028C8C2850077F6E2 /* SimilarMovieDataSource.swift */ = {isa = PBXFileReference; lastKnownFileType = sourcecode.swift; path = SimilarMovieDataSource.swift; sourceTree = "<group>"; };
		18DAFD4128CDECFE00813E2C /* TaskManager.swift */ = {isa = PBXFileReference; lastKnownFileType = sourcecode.swift; path = TaskManager.swift; sourceTree = "<group>"; };
		18E55F9A28C76F9600442FB6 /* VideoListViewModel.swift */ = {isa = PBXFileReference; lastKnownFileType = sourcecode.swift; path = VideoListViewModel.swift; sourceTree = "<group>"; };
		18E55F9C28C78A2000442FB6 /* GenreViewModel.swift */ = {isa = PBXFileReference; lastKnownFileType = sourcecode.swift; path = GenreViewModel.swift; sourceTree = "<group>"; };
		18E55F9E28C78A3A00442FB6 /* VideoViewModel.swift */ = {isa = PBXFileReference; lastKnownFileType = sourcecode.swift; path = VideoViewModel.swift; sourceTree = "<group>"; };
		18E55FA728C78BC400442FB6 /* GenreModel.swift */ = {isa = PBXFileReference; lastKnownFileType = sourcecode.swift; path = GenreModel.swift; sourceTree = "<group>"; };
		18E55FA928C78BEC00442FB6 /* VideoModel.swift */ = {isa = PBXFileReference; lastKnownFileType = sourcecode.swift; path = VideoModel.swift; sourceTree = "<group>"; };
		18FC73EF28BF9A4D00C33143 /* PersonalMovieApp.app */ = {isa = PBXFileReference; explicitFileType = wrapper.application; includeInIndex = 0; path = PersonalMovieApp.app; sourceTree = BUILT_PRODUCTS_DIR; };
		18FC73F228BF9A4D00C33143 /* AppDelegate.swift */ = {isa = PBXFileReference; lastKnownFileType = sourcecode.swift; path = AppDelegate.swift; sourceTree = "<group>"; };
		18FC73F428BF9A4D00C33143 /* SceneDelegate.swift */ = {isa = PBXFileReference; lastKnownFileType = sourcecode.swift; path = SceneDelegate.swift; sourceTree = "<group>"; };
		18FC73F928BF9A4D00C33143 /* Base */ = {isa = PBXFileReference; lastKnownFileType = file.storyboard; name = Base; path = Base.lproj/Main.storyboard; sourceTree = "<group>"; };
		18FC73FB28BF9A5100C33143 /* Assets.xcassets */ = {isa = PBXFileReference; lastKnownFileType = folder.assetcatalog; path = Assets.xcassets; sourceTree = "<group>"; };
		18FC73FE28BF9A5100C33143 /* Base */ = {isa = PBXFileReference; lastKnownFileType = file.storyboard; name = Base; path = Base.lproj/LaunchScreen.storyboard; sourceTree = "<group>"; };
		18FC740028BF9A5100C33143 /* Info.plist */ = {isa = PBXFileReference; lastKnownFileType = text.plist.xml; path = Info.plist; sourceTree = "<group>"; };
		18FC740928BF9AB100C33143 /* NetworkManager.swift */ = {isa = PBXFileReference; lastKnownFileType = sourcecode.swift; path = NetworkManager.swift; sourceTree = "<group>"; };
		18FC740E28BF9BE500C33143 /* MovieModel.swift */ = {isa = PBXFileReference; lastKnownFileType = sourcecode.swift; path = MovieModel.swift; sourceTree = "<group>"; };
		18FC741028C07BAB00C33143 /* MovieViewModel.swift */ = {isa = PBXFileReference; lastKnownFileType = sourcecode.swift; path = MovieViewModel.swift; sourceTree = "<group>"; };
		18FC741228C07C2300C33143 /* MoviesViewController.swift */ = {isa = PBXFileReference; lastKnownFileType = sourcecode.swift; path = MoviesViewController.swift; sourceTree = "<group>"; };
		18FC741428C07C3800C33143 /* MoviesTableViewCell.swift */ = {isa = PBXFileReference; lastKnownFileType = sourcecode.swift; path = MoviesTableViewCell.swift; sourceTree = "<group>"; };
		18FC741628C07DB800C33143 /* MovieListViewModel.swift */ = {isa = PBXFileReference; lastKnownFileType = sourcecode.swift; path = MovieListViewModel.swift; sourceTree = "<group>"; };
		18FC741828C0830A00C33143 /* MoviesDataSource.swift */ = {isa = PBXFileReference; lastKnownFileType = sourcecode.swift; path = MoviesDataSource.swift; sourceTree = "<group>"; };
		18FC741F28C0B4C700C33143 /* 1HOYvwGFioUFL58UVvDRG6beEDm.jpeg */ = {isa = PBXFileReference; lastKnownFileType = image.jpeg; path = 1HOYvwGFioUFL58UVvDRG6beEDm.jpeg; sourceTree = "<group>"; };
		18FC742128C0D4EE00C33143 /* URLItems.swift */ = {isa = PBXFileReference; lastKnownFileType = sourcecode.swift; path = URLItems.swift; sourceTree = "<group>"; };
		18FC742428C0D51200C33143 /* ImageViewExtension.swift */ = {isa = PBXFileReference; lastKnownFileType = sourcecode.swift; path = ImageViewExtension.swift; sourceTree = "<group>"; };
		5C5621FFBDFB9530B324C7E5 /* Pods-PersonalMovieApp.debug.xcconfig */ = {isa = PBXFileReference; includeInIndex = 1; lastKnownFileType = text.xcconfig; name = "Pods-PersonalMovieApp.debug.xcconfig"; path = "Target Support Files/Pods-PersonalMovieApp/Pods-PersonalMovieApp.debug.xcconfig"; sourceTree = "<group>"; };
		EEA6740E5A5DDDC71B3EAFC7 /* Pods-PersonalMovieApp.release.xcconfig */ = {isa = PBXFileReference; includeInIndex = 1; lastKnownFileType = text.xcconfig; name = "Pods-PersonalMovieApp.release.xcconfig"; path = "Target Support Files/Pods-PersonalMovieApp/Pods-PersonalMovieApp.release.xcconfig"; sourceTree = "<group>"; };
		FBFE0AA8BD77172FA657EF0F /* Pods_PersonalMovieApp.framework */ = {isa = PBXFileReference; explicitFileType = wrapper.framework; includeInIndex = 0; path = Pods_PersonalMovieApp.framework; sourceTree = BUILT_PRODUCTS_DIR; };
/* End PBXFileReference section */

/* Begin PBXFrameworksBuildPhase section */
		18FC73EC28BF9A4D00C33143 /* Frameworks */ = {
			isa = PBXFrameworksBuildPhase;
			buildActionMask = 2147483647;
			files = (
				94F3BF7922551E31E76F711F /* Pods_PersonalMovieApp.framework in Frameworks */,
			);
			runOnlyForDeploymentPostprocessing = 0;
		};
/* End PBXFrameworksBuildPhase section */

/* Begin PBXGroup section */
		182B799228C8DEC30077F6E2 /* Data Source */ = {
			isa = PBXGroup;
			children = (
				18FC741828C0830A00C33143 /* MoviesDataSource.swift */,
				1826422328C6193400942A11 /* GennreDataSource.swift */,
				182B799028C8C2850077F6E2 /* SimilarMovieDataSource.swift */,
			);
			path = "Data Source";
			sourceTree = "<group>";
		};
		182B799328C8DEDE0077F6E2 /* View Models */ = {
			isa = PBXGroup;
			children = (
				18DAFD4028CCF7FC00813E2C /* View Models */,
				18DAFD3F28CCF7EA00813E2C /* Source */,
			);
			path = "View Models";
			sourceTree = "<group>";
		};
		18DAFD3F28CCF7EA00813E2C /* Source */ = {
			isa = PBXGroup;
			children = (
				18FC741628C07DB800C33143 /* MovieListViewModel.swift */,
				181DB4A628C67D2C00327A3A /* GenreListViewModel.swift */,
				18E55F9A28C76F9600442FB6 /* VideoListViewModel.swift */,
			);
			path = Source;
			sourceTree = "<group>";
		};
		18DAFD4028CCF7FC00813E2C /* View Models */ = {
			isa = PBXGroup;
			children = (
				18FC741028C07BAB00C33143 /* MovieViewModel.swift */,
				18E55F9C28C78A2000442FB6 /* GenreViewModel.swift */,
				18E55F9E28C78A3A00442FB6 /* VideoViewModel.swift */,
			);
			path = "View Models";
			sourceTree = "<group>";
		};
		18E55FA028C78A6400442FB6 /* Storyboard */ = {
			isa = PBXGroup;
			children = (
				18FC73FD28BF9A5100C33143 /* LaunchScreen.storyboard */,
				18FC73F828BF9A4D00C33143 /* Main.storyboard */,
				181DB4A828C68AEF00327A3A /* VideoPlayer.storyboard */,
			);
			path = Storyboard;
			sourceTree = "<group>";
		};
		18E55FA128C78AAC00442FB6 /* Controller */ = {
			isa = PBXGroup;
			children = (
				18FC741228C07C2300C33143 /* MoviesViewController.swift */,
				1826421F28C4E65300942A11 /* MovieDetailViewController.swift */,
				181DB4AA28C68B1200327A3A /* PlayerViewController.swift */,
			);
			path = Controller;
			sourceTree = "<group>";
		};
		18E55FA228C78ACA00442FB6 /* Cell */ = {
			isa = PBXGroup;
			children = (
				18FC741428C07C3800C33143 /* MoviesTableViewCell.swift */,
				182B798E28C8C14E0077F6E2 /* SimilarMovieCell.swift */,
				1826422128C6084300942A11 /* GenreCell.swift */,
			);
			name = Cell;
			path = Cell/Cell;
			sourceTree = "<group>";
		};
		18FC73E628BF9A4D00C33143 = {
			isa = PBXGroup;
			children = (
				18FC73F128BF9A4D00C33143 /* PersonalMovieApp */,
				18FC73F028BF9A4D00C33143 /* Products */,
				4BD3206EEAF5DD74ED6BAADC /* Pods */,
				20DAFC3E5566D0D2407DB5A4 /* Frameworks */,
			);
			sourceTree = "<group>";
		};
		18FC73F028BF9A4D00C33143 /* Products */ = {
			isa = PBXGroup;
			children = (
				18FC73EF28BF9A4D00C33143 /* PersonalMovieApp.app */,
			);
			name = Products;
			sourceTree = "<group>";
		};
		18FC73F128BF9A4D00C33143 /* PersonalMovieApp */ = {
			isa = PBXGroup;
			children = (
				18FC740628BF9A5800C33143 /* Infrasctucture */,
				18FC743428C23C5100C33143 /* App */,
				18FC741F28C0B4C700C33143 /* 1HOYvwGFioUFL58UVvDRG6beEDm.jpeg */,
				18FC73FB28BF9A5100C33143 /* Assets.xcassets */,
				18FC740028BF9A5100C33143 /* Info.plist */,
			);
			path = PersonalMovieApp;
			sourceTree = "<group>";
		};
		18FC740628BF9A5800C33143 /* Infrasctucture */ = {
			isa = PBXGroup;
			children = (
				18FC742328C0D50000C33143 /* extensions */,
				18FC741A28C0857600C33143 /* Presentation */,
				18FC740D28BF9BD600C33143 /* Api Request Model */,
				18FC740728BF9A6200C33143 /* Network */,
			);
			path = Infrasctucture;
			sourceTree = "<group>";
		};
		18FC740728BF9A6200C33143 /* Network */ = {
			isa = PBXGroup;
			children = (
				18FC740928BF9AB100C33143 /* NetworkManager.swift */,
				18DAFD4128CDECFE00813E2C /* TaskManager.swift */,
			);
			path = Network;
			sourceTree = "<group>";
		};
		18FC740828BF9A7E00C33143 /* Model */ = {
			isa = PBXGroup;
			children = (
				182B799328C8DEDE0077F6E2 /* View Models */,
				182B799228C8DEC30077F6E2 /* Data Source */,
			);
			path = Model;
			sourceTree = "<group>";
		};
		18FC740D28BF9BD600C33143 /* Api Request Model */ = {
			isa = PBXGroup;
			children = (
				18FC740E28BF9BE500C33143 /* MovieModel.swift */,
				18FC742128C0D4EE00C33143 /* URLItems.swift */,
				18E55FA728C78BC400442FB6 /* GenreModel.swift */,
				18E55FA928C78BEC00442FB6 /* VideoModel.swift */,
			);
			path = "Api Request Model";
			sourceTree = "<group>";
		};
		18FC741A28C0857600C33143 /* Presentation */ = {
			isa = PBXGroup;
			children = (
				18FC741B28C0858B00C33143 /* Scens */,
			);
			path = Presentation;
			sourceTree = "<group>";
		};
		18FC741B28C0858B00C33143 /* Scens */ = {
			isa = PBXGroup;
			children = (
				18FC741C28C085A100C33143 /* Movie */,
			);
			path = Scens;
			sourceTree = "<group>";
		};
		18FC741C28C085A100C33143 /* Movie */ = {
			isa = PBXGroup;
			children = (
				18E55FA028C78A6400442FB6 /* Storyboard */,
				18FC741D28C085B500C33143 /* View */,
			);
			path = Movie;
			sourceTree = "<group>";
		};
		18FC741D28C085B500C33143 /* View */ = {
			isa = PBXGroup;
			children = (
				18E55FA128C78AAC00442FB6 /* Controller */,
				18E55FA228C78ACA00442FB6 /* Cell */,
				18FC740828BF9A7E00C33143 /* Model */,
			);
			path = View;
			sourceTree = "<group>";
		};
		18FC742328C0D50000C33143 /* extensions */ = {
			isa = PBXGroup;
			children = (
				18FC742428C0D51200C33143 /* ImageViewExtension.swift */,
			);
			path = extensions;
			sourceTree = "<group>";
		};
		18FC743428C23C5100C33143 /* App */ = {
			isa = PBXGroup;
			children = (
				18FC73F228BF9A4D00C33143 /* AppDelegate.swift */,
				18FC73F428BF9A4D00C33143 /* SceneDelegate.swift */,
			);
			path = App;
			sourceTree = "<group>";
		};
		20DAFC3E5566D0D2407DB5A4 /* Frameworks */ = {
			isa = PBXGroup;
			children = (
				FBFE0AA8BD77172FA657EF0F /* Pods_PersonalMovieApp.framework */,
			);
			name = Frameworks;
			sourceTree = "<group>";
		};
		4BD3206EEAF5DD74ED6BAADC /* Pods */ = {
			isa = PBXGroup;
			children = (
				5C5621FFBDFB9530B324C7E5 /* Pods-PersonalMovieApp.debug.xcconfig */,
				EEA6740E5A5DDDC71B3EAFC7 /* Pods-PersonalMovieApp.release.xcconfig */,
			);
			path = Pods;
			sourceTree = "<group>";
		};
/* End PBXGroup section */

/* Begin PBXNativeTarget section */
		18FC73EE28BF9A4D00C33143 /* PersonalMovieApp */ = {
			isa = PBXNativeTarget;
			buildConfigurationList = 18FC740328BF9A5100C33143 /* Build configuration list for PBXNativeTarget "PersonalMovieApp" */;
			buildPhases = (
				5314A2D054C6DF83FCB06DD2 /* [CP] Check Pods Manifest.lock */,
				18FC73EB28BF9A4D00C33143 /* Sources */,
				18FC73EC28BF9A4D00C33143 /* Frameworks */,
				18FC73ED28BF9A4D00C33143 /* Resources */,
				A3CD5F568851189F0230AA06 /* [CP] Embed Pods Frameworks */,
			);
			buildRules = (
			);
			dependencies = (
			);
			name = PersonalMovieApp;
			productName = PersonalMovieApp;
			productReference = 18FC73EF28BF9A4D00C33143 /* PersonalMovieApp.app */;
			productType = "com.apple.product-type.application";
		};
/* End PBXNativeTarget section */

/* Begin PBXProject section */
		18FC73E728BF9A4D00C33143 /* Project object */ = {
			isa = PBXProject;
			attributes = {
				BuildIndependentTargetsInParallel = 1;
				LastSwiftUpdateCheck = 1340;
				LastUpgradeCheck = 1340;
				TargetAttributes = {
					18FC73EE28BF9A4D00C33143 = {
						CreatedOnToolsVersion = 13.4.1;
					};
				};
			};
			buildConfigurationList = 18FC73EA28BF9A4D00C33143 /* Build configuration list for PBXProject "PersonalMovieApp" */;
			compatibilityVersion = "Xcode 13.0";
			developmentRegion = en;
			hasScannedForEncodings = 0;
			knownRegions = (
				en,
				Base,
			);
			mainGroup = 18FC73E628BF9A4D00C33143;
			productRefGroup = 18FC73F028BF9A4D00C33143 /* Products */;
			projectDirPath = "";
			projectRoot = "";
			targets = (
				18FC73EE28BF9A4D00C33143 /* PersonalMovieApp */,
			);
		};
/* End PBXProject section */

/* Begin PBXResourcesBuildPhase section */
		18FC73ED28BF9A4D00C33143 /* Resources */ = {
			isa = PBXResourcesBuildPhase;
			buildActionMask = 2147483647;
			files = (
				18FC742028C0B4C700C33143 /* 1HOYvwGFioUFL58UVvDRG6beEDm.jpeg in Resources */,
				18FC73FF28BF9A5100C33143 /* LaunchScreen.storyboard in Resources */,
				18FC73FC28BF9A5100C33143 /* Assets.xcassets in Resources */,
				18FC73FA28BF9A4D00C33143 /* Main.storyboard in Resources */,
				181DB4A928C68AEF00327A3A /* VideoPlayer.storyboard in Resources */,
			);
			runOnlyForDeploymentPostprocessing = 0;
		};
/* End PBXResourcesBuildPhase section */

/* Begin PBXShellScriptBuildPhase section */
		5314A2D054C6DF83FCB06DD2 /* [CP] Check Pods Manifest.lock */ = {
			isa = PBXShellScriptBuildPhase;
			buildActionMask = 2147483647;
			files = (
			);
			inputFileListPaths = (
			);
			inputPaths = (
				"${PODS_PODFILE_DIR_PATH}/Podfile.lock",
				"${PODS_ROOT}/Manifest.lock",
			);
			name = "[CP] Check Pods Manifest.lock";
			outputFileListPaths = (
			);
			outputPaths = (
				"$(DERIVED_FILE_DIR)/Pods-PersonalMovieApp-checkManifestLockResult.txt",
			);
			runOnlyForDeploymentPostprocessing = 0;
			shellPath = /bin/sh;
			shellScript = "diff \"${PODS_PODFILE_DIR_PATH}/Podfile.lock\" \"${PODS_ROOT}/Manifest.lock\" > /dev/null\nif [ $? != 0 ] ; then\n    # print error to STDERR\n    echo \"error: The sandbox is not in sync with the Podfile.lock. Run 'pod install' or update your CocoaPods installation.\" >&2\n    exit 1\nfi\n# This output is used by Xcode 'outputs' to avoid re-running this script phase.\necho \"SUCCESS\" > \"${SCRIPT_OUTPUT_FILE_0}\"\n";
			showEnvVarsInLog = 0;
		};
		A3CD5F568851189F0230AA06 /* [CP] Embed Pods Frameworks */ = {
			isa = PBXShellScriptBuildPhase;
			buildActionMask = 2147483647;
			files = (
			);
			inputFileListPaths = (
				"${PODS_ROOT}/Target Support Files/Pods-PersonalMovieApp/Pods-PersonalMovieApp-frameworks-${CONFIGURATION}-input-files.xcfilelist",
			);
			name = "[CP] Embed Pods Frameworks";
			outputFileListPaths = (
				"${PODS_ROOT}/Target Support Files/Pods-PersonalMovieApp/Pods-PersonalMovieApp-frameworks-${CONFIGURATION}-output-files.xcfilelist",
			);
			runOnlyForDeploymentPostprocessing = 0;
			shellPath = /bin/sh;
			shellScript = "\"${PODS_ROOT}/Target Support Files/Pods-PersonalMovieApp/Pods-PersonalMovieApp-frameworks.sh\"\n";
			showEnvVarsInLog = 0;
		};
/* End PBXShellScriptBuildPhase section */

/* Begin PBXSourcesBuildPhase section */
		18FC73EB28BF9A4D00C33143 /* Sources */ = {
			isa = PBXSourcesBuildPhase;
			buildActionMask = 2147483647;
			files = (
				18DAFD4228CDECFE00813E2C /* TaskManager.swift in Sources */,
				18FC741528C07C3800C33143 /* MoviesTableViewCell.swift in Sources */,
				18FC740F28BF9BE500C33143 /* MovieModel.swift in Sources */,
				18FC741928C0830A00C33143 /* MoviesDataSource.swift in Sources */,
				18FC740A28BF9AB100C33143 /* NetworkManager.swift in Sources */,
				1826422028C4E65300942A11 /* MovieDetailViewController.swift in Sources */,
				18FC742528C0D51200C33143 /* ImageViewExtension.swift in Sources */,
				18E55F9D28C78A2000442FB6 /* GenreViewModel.swift in Sources */,
				18FC73F328BF9A4D00C33143 /* AppDelegate.swift in Sources */,
				182B799128C8C2850077F6E2 /* SimilarMovieDataSource.swift in Sources */,
				1826422428C6193400942A11 /* GennreDataSource.swift in Sources */,
				182B798F28C8C14E0077F6E2 /* SimilarMovieCell.swift in Sources */,
				18FC741128C07BAB00C33143 /* MovieViewModel.swift in Sources */,
				1826422228C6084400942A11 /* GenreCell.swift in Sources */,
				18FC73F528BF9A4D00C33143 /* SceneDelegate.swift in Sources */,
				18E55FA828C78BC400442FB6 /* GenreModel.swift in Sources */,
				181DB4A728C67D2C00327A3A /* GenreListViewModel.swift in Sources */,
				18FC741328C07C2300C33143 /* MoviesViewController.swift in Sources */,
				18E55F9B28C76F9600442FB6 /* VideoListViewModel.swift in Sources */,
				18E55FAA28C78BEC00442FB6 /* VideoModel.swift in Sources */,
				18FC742228C0D4EE00C33143 /* URLItems.swift in Sources */,
				18FC741728C07DB800C33143 /* MovieListViewModel.swift in Sources */,
				18E55F9F28C78A3A00442FB6 /* VideoViewModel.swift in Sources */,
				181DB4AB28C68B1200327A3A /* PlayerViewController.swift in Sources */,
			);
			runOnlyForDeploymentPostprocessing = 0;
		};
/* End PBXSourcesBuildPhase section */

/* Begin PBXVariantGroup section */
		18FC73F828BF9A4D00C33143 /* Main.storyboard */ = {
			isa = PBXVariantGroup;
			children = (
				18FC73F928BF9A4D00C33143 /* Base */,
			);
			name = Main.storyboard;
			sourceTree = "<group>";
		};
		18FC73FD28BF9A5100C33143 /* LaunchScreen.storyboard */ = {
			isa = PBXVariantGroup;
			children = (
				18FC73FE28BF9A5100C33143 /* Base */,
			);
			name = LaunchScreen.storyboard;
			sourceTree = "<group>";
		};
/* End PBXVariantGroup section */

/* Begin XCBuildConfiguration section */
		18FC740128BF9A5100C33143 /* Debug */ = {
			isa = XCBuildConfiguration;
			buildSettings = {
				ALWAYS_SEARCH_USER_PATHS = NO;
				CLANG_ANALYZER_NONNULL = YES;
				CLANG_ANALYZER_NUMBER_OBJECT_CONVERSION = YES_AGGRESSIVE;
				CLANG_CXX_LANGUAGE_STANDARD = "gnu++17";
				CLANG_ENABLE_MODULES = YES;
				CLANG_ENABLE_OBJC_ARC = YES;
				CLANG_ENABLE_OBJC_WEAK = YES;
				CLANG_WARN_BLOCK_CAPTURE_AUTORELEASING = YES;
				CLANG_WARN_BOOL_CONVERSION = YES;
				CLANG_WARN_COMMA = YES;
				CLANG_WARN_CONSTANT_CONVERSION = YES;
				CLANG_WARN_DEPRECATED_OBJC_IMPLEMENTATIONS = YES;
				CLANG_WARN_DIRECT_OBJC_ISA_USAGE = YES_ERROR;
				CLANG_WARN_DOCUMENTATION_COMMENTS = YES;
				CLANG_WARN_EMPTY_BODY = YES;
				CLANG_WARN_ENUM_CONVERSION = YES;
				CLANG_WARN_INFINITE_RECURSION = YES;
				CLANG_WARN_INT_CONVERSION = YES;
				CLANG_WARN_NON_LITERAL_NULL_CONVERSION = YES;
				CLANG_WARN_OBJC_IMPLICIT_RETAIN_SELF = YES;
				CLANG_WARN_OBJC_LITERAL_CONVERSION = YES;
				CLANG_WARN_OBJC_ROOT_CLASS = YES_ERROR;
				CLANG_WARN_QUOTED_INCLUDE_IN_FRAMEWORK_HEADER = YES;
				CLANG_WARN_RANGE_LOOP_ANALYSIS = YES;
				CLANG_WARN_STRICT_PROTOTYPES = YES;
				CLANG_WARN_SUSPICIOUS_MOVE = YES;
				CLANG_WARN_UNGUARDED_AVAILABILITY = YES_AGGRESSIVE;
				CLANG_WARN_UNREACHABLE_CODE = YES;
				CLANG_WARN__DUPLICATE_METHOD_MATCH = YES;
				COPY_PHASE_STRIP = NO;
				DEBUG_INFORMATION_FORMAT = dwarf;
				ENABLE_STRICT_OBJC_MSGSEND = YES;
				ENABLE_TESTABILITY = YES;
				GCC_C_LANGUAGE_STANDARD = gnu11;
				GCC_DYNAMIC_NO_PIC = NO;
				GCC_NO_COMMON_BLOCKS = YES;
				GCC_OPTIMIZATION_LEVEL = 0;
				GCC_PREPROCESSOR_DEFINITIONS = (
					"DEBUG=1",
					"$(inherited)",
				);
				GCC_WARN_64_TO_32_BIT_CONVERSION = YES;
				GCC_WARN_ABOUT_RETURN_TYPE = YES_ERROR;
				GCC_WARN_UNDECLARED_SELECTOR = YES;
				GCC_WARN_UNINITIALIZED_AUTOS = YES_AGGRESSIVE;
				GCC_WARN_UNUSED_FUNCTION = YES;
				GCC_WARN_UNUSED_VARIABLE = YES;
				IPHONEOS_DEPLOYMENT_TARGET = 15.5;
				MTL_ENABLE_DEBUG_INFO = INCLUDE_SOURCE;
				MTL_FAST_MATH = YES;
				ONLY_ACTIVE_ARCH = YES;
				SDKROOT = iphoneos;
				SWIFT_ACTIVE_COMPILATION_CONDITIONS = DEBUG;
				SWIFT_OPTIMIZATION_LEVEL = "-Onone";
			};
			name = Debug;
		};
		18FC740228BF9A5100C33143 /* Release */ = {
			isa = XCBuildConfiguration;
			buildSettings = {
				ALWAYS_SEARCH_USER_PATHS = NO;
				CLANG_ANALYZER_NONNULL = YES;
				CLANG_ANALYZER_NUMBER_OBJECT_CONVERSION = YES_AGGRESSIVE;
				CLANG_CXX_LANGUAGE_STANDARD = "gnu++17";
				CLANG_ENABLE_MODULES = YES;
				CLANG_ENABLE_OBJC_ARC = YES;
				CLANG_ENABLE_OBJC_WEAK = YES;
				CLANG_WARN_BLOCK_CAPTURE_AUTORELEASING = YES;
				CLANG_WARN_BOOL_CONVERSION = YES;
				CLANG_WARN_COMMA = YES;
				CLANG_WARN_CONSTANT_CONVERSION = YES;
				CLANG_WARN_DEPRECATED_OBJC_IMPLEMENTATIONS = YES;
				CLANG_WARN_DIRECT_OBJC_ISA_USAGE = YES_ERROR;
				CLANG_WARN_DOCUMENTATION_COMMENTS = YES;
				CLANG_WARN_EMPTY_BODY = YES;
				CLANG_WARN_ENUM_CONVERSION = YES;
				CLANG_WARN_INFINITE_RECURSION = YES;
				CLANG_WARN_INT_CONVERSION = YES;
				CLANG_WARN_NON_LITERAL_NULL_CONVERSION = YES;
				CLANG_WARN_OBJC_IMPLICIT_RETAIN_SELF = YES;
				CLANG_WARN_OBJC_LITERAL_CONVERSION = YES;
				CLANG_WARN_OBJC_ROOT_CLASS = YES_ERROR;
				CLANG_WARN_QUOTED_INCLUDE_IN_FRAMEWORK_HEADER = YES;
				CLANG_WARN_RANGE_LOOP_ANALYSIS = YES;
				CLANG_WARN_STRICT_PROTOTYPES = YES;
				CLANG_WARN_SUSPICIOUS_MOVE = YES;
				CLANG_WARN_UNGUARDED_AVAILABILITY = YES_AGGRESSIVE;
				CLANG_WARN_UNREACHABLE_CODE = YES;
				CLANG_WARN__DUPLICATE_METHOD_MATCH = YES;
				COPY_PHASE_STRIP = NO;
				DEBUG_INFORMATION_FORMAT = "dwarf-with-dsym";
				ENABLE_NS_ASSERTIONS = NO;
				ENABLE_STRICT_OBJC_MSGSEND = YES;
				GCC_C_LANGUAGE_STANDARD = gnu11;
				GCC_NO_COMMON_BLOCKS = YES;
				GCC_WARN_64_TO_32_BIT_CONVERSION = YES;
				GCC_WARN_ABOUT_RETURN_TYPE = YES_ERROR;
				GCC_WARN_UNDECLARED_SELECTOR = YES;
				GCC_WARN_UNINITIALIZED_AUTOS = YES_AGGRESSIVE;
				GCC_WARN_UNUSED_FUNCTION = YES;
				GCC_WARN_UNUSED_VARIABLE = YES;
				IPHONEOS_DEPLOYMENT_TARGET = 15.5;
				MTL_ENABLE_DEBUG_INFO = NO;
				MTL_FAST_MATH = YES;
				SDKROOT = iphoneos;
				SWIFT_COMPILATION_MODE = wholemodule;
				SWIFT_OPTIMIZATION_LEVEL = "-O";
				VALIDATE_PRODUCT = YES;
			};
			name = Release;
		};
		18FC740428BF9A5100C33143 /* Debug */ = {
			isa = XCBuildConfiguration;
			baseConfigurationReference = 5C5621FFBDFB9530B324C7E5 /* Pods-PersonalMovieApp.debug.xcconfig */;
			buildSettings = {
				ASSETCATALOG_COMPILER_APPICON_NAME = AppIcon;
				ASSETCATALOG_COMPILER_GLOBAL_ACCENT_COLOR_NAME = AccentColor;
				CODE_SIGN_STYLE = Automatic;
				CURRENT_PROJECT_VERSION = 1;
				DEVELOPMENT_TEAM = 7768NS78KS;
				GENERATE_INFOPLIST_FILE = YES;
				INFOPLIST_FILE = PersonalMovieApp/Info.plist;
				INFOPLIST_KEY_UIApplicationSupportsIndirectInputEvents = YES;
				INFOPLIST_KEY_UILaunchStoryboardName = LaunchScreen;
				INFOPLIST_KEY_UIMainStoryboardFile = Main;
				INFOPLIST_KEY_UISupportedInterfaceOrientations_iPad = "UIInterfaceOrientationPortrait UIInterfaceOrientationPortraitUpsideDown UIInterfaceOrientationLandscapeLeft UIInterfaceOrientationLandscapeRight";
				INFOPLIST_KEY_UISupportedInterfaceOrientations_iPhone = "UIInterfaceOrientationPortrait UIInterfaceOrientationLandscapeLeft UIInterfaceOrientationLandscapeRight";
				LD_RUNPATH_SEARCH_PATHS = (
					"$(inherited)",
					"@executable_path/Frameworks",
				);
				MARKETING_VERSION = 1.0;
				PRODUCT_BUNDLE_IDENTIFIER = com.tbcLectures.PersonalMovieApp;
				PRODUCT_NAME = "$(TARGET_NAME)";
				SWIFT_EMIT_LOC_STRINGS = YES;
				SWIFT_VERSION = 5.0;
				TARGETED_DEVICE_FAMILY = "1,2";
			};
			name = Debug;
		};
		18FC740528BF9A5100C33143 /* Release */ = {
			isa = XCBuildConfiguration;
			baseConfigurationReference = EEA6740E5A5DDDC71B3EAFC7 /* Pods-PersonalMovieApp.release.xcconfig */;
			buildSettings = {
				ASSETCATALOG_COMPILER_APPICON_NAME = AppIcon;
				ASSETCATALOG_COMPILER_GLOBAL_ACCENT_COLOR_NAME = AccentColor;
				CODE_SIGN_STYLE = Automatic;
				CURRENT_PROJECT_VERSION = 1;
				DEVELOPMENT_TEAM = 7768NS78KS;
				GENERATE_INFOPLIST_FILE = YES;
				INFOPLIST_FILE = PersonalMovieApp/Info.plist;
				INFOPLIST_KEY_UIApplicationSupportsIndirectInputEvents = YES;
				INFOPLIST_KEY_UILaunchStoryboardName = LaunchScreen;
				INFOPLIST_KEY_UIMainStoryboardFile = Main;
				INFOPLIST_KEY_UISupportedInterfaceOrientations_iPad = "UIInterfaceOrientationPortrait UIInterfaceOrientationPortraitUpsideDown UIInterfaceOrientationLandscapeLeft UIInterfaceOrientationLandscapeRight";
				INFOPLIST_KEY_UISupportedInterfaceOrientations_iPhone = "UIInterfaceOrientationPortrait UIInterfaceOrientationLandscapeLeft UIInterfaceOrientationLandscapeRight";
				LD_RUNPATH_SEARCH_PATHS = (
					"$(inherited)",
					"@executable_path/Frameworks",
				);
				MARKETING_VERSION = 1.0;
				PRODUCT_BUNDLE_IDENTIFIER = com.tbcLectures.PersonalMovieApp;
				PRODUCT_NAME = "$(TARGET_NAME)";
				SWIFT_EMIT_LOC_STRINGS = YES;
				SWIFT_VERSION = 5.0;
				TARGETED_DEVICE_FAMILY = "1,2";
			};
			name = Release;
		};
/* End XCBuildConfiguration section */

/* Begin XCConfigurationList section */
		18FC73EA28BF9A4D00C33143 /* Build configuration list for PBXProject "PersonalMovieApp" */ = {
			isa = XCConfigurationList;
			buildConfigurations = (
				18FC740128BF9A5100C33143 /* Debug */,
				18FC740228BF9A5100C33143 /* Release */,
			);
			defaultConfigurationIsVisible = 0;
			defaultConfigurationName = Release;
		};
		18FC740328BF9A5100C33143 /* Build configuration list for PBXNativeTarget "PersonalMovieApp" */ = {
			isa = XCConfigurationList;
			buildConfigurations = (
				18FC740428BF9A5100C33143 /* Debug */,
				18FC740528BF9A5100C33143 /* Release */,
			);
			defaultConfigurationIsVisible = 0;
			defaultConfigurationName = Release;
		};
/* End XCConfigurationList section */
	};
	rootObject = 18FC73E728BF9A4D00C33143 /* Project object */;
}
